
Microsoft Visual Studio Solution File, Format Version 12.00
# Visual Studio 15
VisualStudioVersion = 15.0.28307.168
MinimumVisualStudioVersion = 10.0.40219.1
Project("{FAE04EC0-301F-11D3-BF4B-00C04F79EFBC}") = "dirAnalysis", "dirAnalysis\dirAnalysis.csproj", "{235CFFDD-9743-401F-9080-8FA96B496383}"
EndProject
Global
	GlobalSection(SolutionConfigurationPlatforms) = preSolution
		Debug|Any CPU = Debug|Any CPU
		Release|Any CPU = Release|Any CPU
	EndGlobalSection
	GlobalSection(ProjectConfigurationPlatforms) = postSolution
		{235CFFDD-9743-401F-9080-8FA96B496383}.Debug|Any CPU.ActiveCfg = Debug|Any CPU
		{235CFFDD-9743-401F-9080-8FA96B496383}.Debug|Any CPU.Build.0 = Debug|Any CPU
		{235CFFDD-9743-401F-9080-8FA96B496383}.Release|Any CPU.ActiveCfg = Release|Any CPU
		{235CFFDD-9743-401F-9080-8FA96B496383}.Release|Any CPU.Build.0 = Release|Any CPU
	EndGlobalSection
	GlobalSection(SolutionProperties) = preSolution
		HideSolutionNode = FALSE
	EndGlobalSection
	GlobalSection(ExtensibilityGlobals) = postSolution
		SolutionGuid = {DF553724-23BB-4866-82B2-AEF4F24D3FAF}
	EndGlobalSection
EndGlobal
